
Microsoft Visual Studio Solution File, Format Version 12.00
# Visual Studio Version 16
VisualStudioVersion = 16.0.29905.134
MinimumVisualStudioVersion = 10.0.40219.1
Project("{9A19103F-16F7-4668-BE54-9A1E7A4F7556}") = "DAL", "..\DAL\DAL.csproj", "{220A5D4D-DA77-47F5-B774-D761D5D75C23}"
EndProject
Project("{9A19103F-16F7-4668-BE54-9A1E7A4F7556}") = "BLL", "..\BLL\BLL.csproj", "{D07CBEBE-FD9F-4157-B047-4DC625FF1707}"
EndProject
Project("{FAE04EC0-301F-11D3-BF4B-00C04F79EFBC}") = "Afdrukpagina", "..\Afdrukpagina\Afdrukpagina.csproj", "{D47610D4-533C-4039-A1D0-F5783F99F8B4}"
EndProject
Project("{FAE04EC0-301F-11D3-BF4B-00C04F79EFBC}") = "Modellayer", "..\Modellayer\Modellayer.csproj", "{B9DE1892-3E95-466D-81E7-E2178A54EE6F}"
EndProject
Global
	GlobalSection(SolutionConfigurationPlatforms) = preSolution
		Debug|Any CPU = Debug|Any CPU
		Release|Any CPU = Release|Any CPU
	EndGlobalSection
	GlobalSection(ProjectConfigurationPlatforms) = postSolution
		{220A5D4D-DA77-47F5-B774-D761D5D75C23}.Debug|Any CPU.ActiveCfg = Debug|Any CPU
		{220A5D4D-DA77-47F5-B774-D761D5D75C23}.Debug|Any CPU.Build.0 = Debug|Any CPU
		{220A5D4D-DA77-47F5-B774-D761D5D75C23}.Release|Any CPU.ActiveCfg = Release|Any CPU
		{220A5D4D-DA77-47F5-B774-D761D5D75C23}.Release|Any CPU.Build.0 = Release|Any CPU
		{D07CBEBE-FD9F-4157-B047-4DC625FF1707}.Debug|Any CPU.ActiveCfg = Debug|Any CPU
		{D07CBEBE-FD9F-4157-B047-4DC625FF1707}.Debug|Any CPU.Build.0 = Debug|Any CPU
		{D07CBEBE-FD9F-4157-B047-4DC625FF1707}.Release|Any CPU.ActiveCfg = Release|Any CPU
		{D07CBEBE-FD9F-4157-B047-4DC625FF1707}.Release|Any CPU.Build.0 = Release|Any CPU
		{D47610D4-533C-4039-A1D0-F5783F99F8B4}.Debug|Any CPU.ActiveCfg = Debug|Any CPU
		{D47610D4-533C-4039-A1D0-F5783F99F8B4}.Debug|Any CPU.Build.0 = Debug|Any CPU
		{D47610D4-533C-4039-A1D0-F5783F99F8B4}.Release|Any CPU.ActiveCfg = Release|Any CPU
		{D47610D4-533C-4039-A1D0-F5783F99F8B4}.Release|Any CPU.Build.0 = Release|Any CPU
		{B9DE1892-3E95-466D-81E7-E2178A54EE6F}.Debug|Any CPU.ActiveCfg = Debug|Any CPU
		{B9DE1892-3E95-466D-81E7-E2178A54EE6F}.Debug|Any CPU.Build.0 = Debug|Any CPU
		{B9DE1892-3E95-466D-81E7-E2178A54EE6F}.Release|Any CPU.ActiveCfg = Release|Any CPU
		{B9DE1892-3E95-466D-81E7-E2178A54EE6F}.Release|Any CPU.Build.0 = Release|Any CPU
	EndGlobalSection
	GlobalSection(SolutionProperties) = preSolution
		HideSolutionNode = FALSE
	EndGlobalSection
	GlobalSection(ExtensibilityGlobals) = postSolution
		SolutionGuid = {9AA8E048-D084-49FC-B080-581383888ECB}
	EndGlobalSection
EndGlobal
